
Microsoft Visual Studio Solution File, Format Version 12.00
# Visual Studio Version 16
VisualStudioVersion = 16.0.30011.22
MinimumVisualStudioVersion = 10.0.40219.1
Project("{9A19103F-16F7-4668-BE54-9A1E7A4F7556}") = "Midterm_Resit_CSharp", "Midterm_Resit_CSharp.csproj", "{E611F903-FD76-4A85-B322-B12FD3504EEC}"
EndProject
Global
	GlobalSection(SolutionConfigurationPlatforms) = preSolution
		Debug|Any CPU = Debug|Any CPU
		Release|Any CPU = Release|Any CPU
	EndGlobalSection
	GlobalSection(ProjectConfigurationPlatforms) = postSolution
		{E611F903-FD76-4A85-B322-B12FD3504EEC}.Debug|Any CPU.ActiveCfg = Debug|Any CPU
		{E611F903-FD76-4A85-B322-B12FD3504EEC}.Debug|Any CPU.Build.0 = Debug|Any CPU
		{E611F903-FD76-4A85-B322-B12FD3504EEC}.Release|Any CPU.ActiveCfg = Release|Any CPU
		{E611F903-FD76-4A85-B322-B12FD3504EEC}.Release|Any CPU.Build.0 = Release|Any CPU
	EndGlobalSection
	GlobalSection(SolutionProperties) = preSolution
		HideSolutionNode = FALSE
	EndGlobalSection
	GlobalSection(ExtensibilityGlobals) = postSolution
		SolutionGuid = {2C37C59E-2693-456F-BAAC-769CF28A41ED}
	EndGlobalSection
EndGlobal
